
Microsoft Visual Studio Solution File, Format Version 12.00
# Visual Studio 14
VisualStudioVersion = 14.0.24720.0
MinimumVisualStudioVersion = 10.0.40219.1
Project("{FAE04EC0-301F-11D3-BF4B-00C04F79EFBC}") = "demo01git", "demo01git\demo01git.csproj", "{EA1B52E0-E4A6-41B7-A7EA-27E5430C798C}"
EndProject
Global
	GlobalSection(SolutionConfigurationPlatforms) = preSolution
		Debug|Any CPU = Debug|Any CPU
		Release|Any CPU = Release|Any CPU
	EndGlobalSection
	GlobalSection(ProjectConfigurationPlatforms) = postSolution
		{EA1B52E0-E4A6-41B7-A7EA-27E5430C798C}.Debug|Any CPU.ActiveCfg = Debug|Any CPU
		{EA1B52E0-E4A6-41B7-A7EA-27E5430C798C}.Debug|Any CPU.Build.0 = Debug|Any CPU
		{EA1B52E0-E4A6-41B7-A7EA-27E5430C798C}.Release|Any CPU.ActiveCfg = Release|Any CPU
		{EA1B52E0-E4A6-41B7-A7EA-27E5430C798C}.Release|Any CPU.Build.0 = Release|Any CPU
	EndGlobalSection
	GlobalSection(SolutionProperties) = preSolution
		HideSolutionNode = FALSE
	EndGlobalSection
EndGlobal
